
Microsoft Visual Studio Solution File, Format Version 12.00
# Visual Studio Version 17
VisualStudioVersion = 17.2.32602.215
MinimumVisualStudioVersion = 10.0.40219.1
Project("{9A19103F-16F7-4668-BE54-9A1E7A4F7556}") = "LibraryStore.Business", "src\LibraryStore.Business\LibraryStore.Business.csproj", "{B4DCBEC1-DE94-4749-AD8F-B6DE63F27222}"
EndProject
Project("{9A19103F-16F7-4668-BE54-9A1E7A4F7556}") = "LibraryStore.Data", "src\LibraryStore.Data\LibraryStore.Data.csproj", "{FD2605D5-26FD-425C-8ED4-5853DFD2EE7B}"
EndProject
Project("{9A19103F-16F7-4668-BE54-9A1E7A4F7556}") = "LibraryStore.App", "src\LibraryStore.App\LibraryStore.App.csproj", "{4608D761-2C97-4580-AD86-E478CE6AB5F7}"
EndProject
Global
	GlobalSection(SolutionConfigurationPlatforms) = preSolution
		Debug|Any CPU = Debug|Any CPU
		Release|Any CPU = Release|Any CPU
	EndGlobalSection
	GlobalSection(ProjectConfigurationPlatforms) = postSolution
		{B4DCBEC1-DE94-4749-AD8F-B6DE63F27222}.Debug|Any CPU.ActiveCfg = Debug|Any CPU
		{B4DCBEC1-DE94-4749-AD8F-B6DE63F27222}.Debug|Any CPU.Build.0 = Debug|Any CPU
		{B4DCBEC1-DE94-4749-AD8F-B6DE63F27222}.Release|Any CPU.ActiveCfg = Release|Any CPU
		{B4DCBEC1-DE94-4749-AD8F-B6DE63F27222}.Release|Any CPU.Build.0 = Release|Any CPU
		{FD2605D5-26FD-425C-8ED4-5853DFD2EE7B}.Debug|Any CPU.ActiveCfg = Debug|Any CPU
		{FD2605D5-26FD-425C-8ED4-5853DFD2EE7B}.Debug|Any CPU.Build.0 = Debug|Any CPU
		{FD2605D5-26FD-425C-8ED4-5853DFD2EE7B}.Release|Any CPU.ActiveCfg = Release|Any CPU
		{FD2605D5-26FD-425C-8ED4-5853DFD2EE7B}.Release|Any CPU.Build.0 = Release|Any CPU
		{4608D761-2C97-4580-AD86-E478CE6AB5F7}.Debug|Any CPU.ActiveCfg = Debug|Any CPU
		{4608D761-2C97-4580-AD86-E478CE6AB5F7}.Debug|Any CPU.Build.0 = Debug|Any CPU
		{4608D761-2C97-4580-AD86-E478CE6AB5F7}.Release|Any CPU.ActiveCfg = Release|Any CPU
		{4608D761-2C97-4580-AD86-E478CE6AB5F7}.Release|Any CPU.Build.0 = Release|Any CPU
	EndGlobalSection
	GlobalSection(SolutionProperties) = preSolution
		HideSolutionNode = FALSE
	EndGlobalSection
	GlobalSection(ExtensibilityGlobals) = postSolution
		SolutionGuid = {DA58BF19-9785-41F2-8871-4244D93BF799}
	EndGlobalSection
EndGlobal
